{
    "_readme": [
        "This file locks the dependencies of your project to a known state",
        "Read more about it at https://getcomposer.org/doc/01-basic-usage.md#composer-lock-the-lock-file",
        "This file is @generated automatically"
    ],
    "hash": "bbe53aba06d78b0d81b3f1185417e5d6",
    "packages": [
        {
            "name": "league/commonmark",
            "version": "0.8.0",
            "source": {
                "type": "git",
                "url": "https://github.com/thephpleague/commonmark.git",
                "reference": "91696c88df298f75fdd2075e4bb19c6dbd7338ca"
            },
            "dist": {
                "type": "zip",
                "url": "https://api.github.com/repos/thephpleague/commonmark/zipball/91696c88df298f75fdd2075e4bb19c6dbd7338ca",
                "reference": "91696c88df298f75fdd2075e4bb19c6dbd7338ca",
                "shasum": ""
            },
            "require": {
                "ext-mbstring": "*",
                "php": ">=5.4.8"
            },
            "replace": {
                "colinodell/commonmark-php": "*"
            },
            "require-dev": {
                "erusev/parsedown": "~1.0",
                "jgm/commonmark": "0.19",
                "michelf/php-markdown": "~1.4",
                "phpunit/phpunit": "~4.3",
                "phpunit/phpunit-mock-objects": "2.3.0",
                "symfony/finder": "~2.3"
            },
            "type": "library",
            "extra": {
                "branch-alias": {
                    "dev-master": "0.8-dev"
                }
            },
            "autoload": {
                "psr-4": {
                    "League\\CommonMark\\": "src/"
                }
            },
            "notification-url": "https://packagist.org/downloads/",
            "license": [
                "BSD-3-Clause"
            ],
            "authors": [
                {
                    "name": "Colin O'Dell",
                    "email": "colinodell@gmail.com",
                    "homepage": "http://www.colinodell.com",
                    "role": "Lead Developer"
                }
            ],
            "description": "Markdown parser for PHP based on the CommonMark spec",
            "homepage": "https://github.com/thephpleague/commonmark",
            "keywords": [
                "commonmark",
                "markdown",
                "parser"
            ],
            "time": "2015-04-29 18:01:46"
        }
    ],
    "packages-dev": [],
    "aliases": [],
    "minimum-stability": "dev",
    "stability-flags": [],
    "prefer-stable": false,
    "prefer-lowest": false,
    "platform": [],
    "platform-dev": []
}
